{"version":4,"terraform_version":"1.9.0","serial":2,"lineage":"1b63178e-a06b-6543-ad5b-c376f82d5bb7","outputs":{},"resources":[{"mode":"managed","type":"github_branch_protection","name":"develop_branch_protection","provider":"provider[\"registry.opentofu.org/integrations/github\"]","instances":[{"schema_version":2,"attributes":{"allows_deletions":false,"allows_force_pushes":false,"enforce_admins":false,"force_push_bypassers":null,"id":"BPR_kwDOLmwkQs4DhjDM","lock_branch":false,"pattern":"develop","repository_id":"R_kgDOLmwkQg","require_conversation_resolution":false,"require_signed_commits":false,"required_linear_history":false,"required_pull_request_reviews":[{"dismiss_stale_reviews":false,"dismissal_restrictions":null,"pull_request_bypassers":null,"require_code_owner_reviews":false,"require_last_push_approval":false,"required_approving_review_count":1,"restrict_dismissals":false}],"required_status_checks":[{"contexts":null,"strict":true}],"restrict_pushes":[]},"sensitive_attributes":[],"private":"eyJzY2hlbWFfdmVyc2lvbiI6IjIifQ==","dependencies":["github_repository.repository"]}]},{"mode":"managed","type":"github_branch_protection","name":"main_branch_protection","provider":"provider[\"registry.opentofu.org/integrations/github\"]","instances":[{"schema_version":2,"attributes":{"allows_deletions":false,"allows_force_pushes":false,"enforce_admins":false,"force_push_bypassers":null,"id":"BPR_kwDOLmwkQs4DhjDL","lock_branch":false,"pattern":"main","repository_id":"R_kgDOLmwkQg","require_conversation_resolution":false,"require_signed_commits":false,"required_linear_history":false,"required_pull_request_reviews":[{"dismiss_stale_reviews":false,"dismissal_restrictions":null,"pull_request_bypassers":null,"require_code_owner_reviews":false,"require_last_push_approval":false,"required_approving_review_count":1,"restrict_dismissals":false}],"required_status_checks":[{"contexts":null,"strict":true}],"restrict_pushes":[]},"sensitive_attributes":[],"private":"eyJzY2hlbWFfdmVyc2lvbiI6IjIifQ==","dependencies":["github_repository.repository"]}]},{"mode":"managed","type":"github_branch_protection","name":"release_branch_protection","provider":"provider[\"registry.opentofu.org/integrations/github\"]","instances":[{"schema_version":2,"attributes":{"allows_deletions":false,"allows_force_pushes":false,"enforce_admins":false,"force_push_bypassers":null,"id":"BPR_kwDOLmwkQs4DhjDI","lock_branch":false,"pattern":"release/*","repository_id":"R_kgDOLmwkQg","require_conversation_resolution":false,"require_signed_commits":false,"required_linear_history":false,"required_pull_request_reviews":[],"required_status_checks":[],"restrict_pushes":[]},"sensitive_attributes":[],"private":"eyJzY2hlbWFfdmVyc2lvbiI6IjIifQ==","dependencies":["github_repository.repository"]}]},{"mode":"managed","type":"github_repository","name":"repository","provider":"provider[\"registry.opentofu.org/integrations/github\"]","instances":[{"schema_version":1,"attributes":{"allow_auto_merge":false,"allow_merge_commit":true,"allow_rebase_merge":true,"allow_squash_merge":true,"allow_update_branch":false,"archive_on_destroy":null,"archived":false,"auto_init":false,"default_branch":"main","delete_branch_on_merge":false,"description":"Private repo for the IRIS data cleanser, developed for NDTP, by Coefficient Systems.","etag":"W/\"4e7c7c1967bad6f1f2846a612bcff12bd7f0d4c7ef42d7d0b697613b9344bf0b\"","full_name":"National-Digital-Twin/IRIS-data-cleanser","git_clone_url":"git://github.com/National-Digital-Twin/IRIS-data-cleanser.git","gitignore_template":null,"has_discussions":false,"has_downloads":true,"has_issues":true,"has_projects":true,"has_wiki":false,"homepage_url":"","html_url":"https://github.com/National-Digital-Twin/IRIS-data-cleanser","http_clone_url":"https://github.com/National-Digital-Twin/IRIS-data-cleanser.git","id":"IRIS-data-cleanser","ignore_vulnerability_alerts_during_read":null,"is_template":false,"license_template":null,"merge_commit_message":"PR_TITLE","merge_commit_title":"MERGE_MESSAGE","name":"IRIS-data-cleanser","node_id":"R_kgDOLmwkQg","pages":[],"primary_language":"Jupyter Notebook","private":true,"repo_id":778839106,"security_and_analysis":[],"squash_merge_commit_message":"COMMIT_MESSAGES","squash_merge_commit_title":"COMMIT_OR_PR_TITLE","ssh_clone_url":"git@github.com:National-Digital-Twin/IRIS-data-cleanser.git","svn_url":"https://github.com/National-Digital-Twin/IRIS-data-cleanser","template":[],"topics":[],"visibility":"private","vulnerability_alerts":false,"web_commit_signoff_required":false},"sensitive_attributes":[],"private":"eyJzY2hlbWFfdmVyc2lvbiI6IjEifQ=="}]}],"check_results":null}
